
Microsoft Visual Studio Solution File, Format Version 12.00
# Visual Studio 2013
VisualStudioVersion = 12.0.40629.0
MinimumVisualStudioVersion = 10.0.40219.1
Project("{FAE04EC0-301F-11D3-BF4B-00C04F79EFBC}") = "Vid2Gif", "Vid2Gif\Vid2Gif.csproj", "{49BB7AE4-D047-4564-A9B6-D26A7EC752FA}"
EndProject
Global
	GlobalSection(SolutionConfigurationPlatforms) = preSolution
		Debug|Any CPU = Debug|Any CPU
		Release|Any CPU = Release|Any CPU
	EndGlobalSection
	GlobalSection(ProjectConfigurationPlatforms) = postSolution
		{49BB7AE4-D047-4564-A9B6-D26A7EC752FA}.Debug|Any CPU.ActiveCfg = Debug|Any CPU
		{49BB7AE4-D047-4564-A9B6-D26A7EC752FA}.Debug|Any CPU.Build.0 = Debug|Any CPU
		{49BB7AE4-D047-4564-A9B6-D26A7EC752FA}.Release|Any CPU.ActiveCfg = Release|Any CPU
		{49BB7AE4-D047-4564-A9B6-D26A7EC752FA}.Release|Any CPU.Build.0 = Release|Any CPU
	EndGlobalSection
	GlobalSection(SolutionProperties) = preSolution
		HideSolutionNode = FALSE
	EndGlobalSection
EndGlobal
